Microsoft Visual Studio Solution File, Format Version 11.00
# Visual Studio 2008

Project("{4CE9B59A-CC93-13E0-535D-5E4504A34FB5}") = "Juego2D", "Assembly-CSharp.csproj", "{C6379AA6-9040-B34F-F63E-05926F48D77D}"
EndProject
Global
	GlobalSection(SolutionConfigurationPlatforms) = preSolution
		Debug|Any CPU = Debug|Any CPU
		Release|Any CPU = Release|Any CPU
	EndGlobalSection
	GlobalSection(ProjectConfigurationPlatforms) = postSolution
		{C6379AA6-9040-B34F-F63E-05926F48D77D}.Debug|Any CPU.ActiveCfg = Debug|Any CPU
		{C6379AA6-9040-B34F-F63E-05926F48D77D}.Debug|Any CPU.Build.0 = Debug|Any CPU
		{C6379AA6-9040-B34F-F63E-05926F48D77D}.Release|Any CPU.ActiveCfg = Release|Any CPU
		{C6379AA6-9040-B34F-F63E-05926F48D77D}.Release|Any CPU.Build.0 = Release|Any CPU
	EndGlobalSection
	GlobalSection(SolutionProperties) = preSolution
		HideSolutionNode = FALSE
	EndGlobalSection
	GlobalSection(MonoDevelopProperties) = preSolution
		StartupItem = Assembly-CSharp.csproj
	EndGlobalSection
EndGlobal
