
Microsoft Visual Studio Solution File, Format Version 12.00
# Visual Studio 2015
Project("{FAE04EC0-301F-11D3-BF4B-00C04F79EFBC}") = "videojuego-platos-master.CSharp", "videojuego-platos-master.CSharp.csproj", "{165EA902-77E7-5A47-B6ED-733F9352987A}"
EndProject
Global
	GlobalSection(SolutionConfigurationPlatforms) = preSolution
		Debug|Any CPU = Debug|Any CPU
		Release|Any CPU = Release|Any CPU
	EndGlobalSection
	GlobalSection(ProjectConfigurationPlatforms) = postSolution
		{165EA902-77E7-5A47-B6ED-733F9352987A}.Debug|Any CPU.ActiveCfg = Debug|Any CPU
		{165EA902-77E7-5A47-B6ED-733F9352987A}.Debug|Any CPU.Build.0 = Debug|Any CPU
		{165EA902-77E7-5A47-B6ED-733F9352987A}.Release|Any CPU.ActiveCfg = Release|Any CPU
		{165EA902-77E7-5A47-B6ED-733F9352987A}.Release|Any CPU.Build.0 = Release|Any CPU
	EndGlobalSection
	GlobalSection(SolutionProperties) = preSolution
		HideSolutionNode = FALSE
	EndGlobalSection
EndGlobal
